{
  "version": "3",
  "packages": {
    "specifiers": {
      "jsr:@supabase/supabase-js@2": "jsr:@supabase/supabase-js@2.45.2",
      "npm:@supabase/auth-js@2.64.4": "npm:@supabase/auth-js@2.64.4",
      "npm:@supabase/functions-js@2.4.1": "npm:@supabase/functions-js@2.4.1",
      "npm:@supabase/node-fetch@2.6.15": "npm:@supabase/node-fetch@2.6.15",
      "npm:@supabase/postgrest-js@1.15.8": "npm:@supabase/postgrest-js@1.15.8",
      "npm:@supabase/realtime-js@2.10.2": "npm:@supabase/realtime-js@2.10.2",
      "npm:@supabase/storage-js@2.7.0": "npm:@supabase/storage-js@2.7.0",
      "npm:@types/node": "npm:@types/node@18.16.19"
    },
    "jsr": {
      "@supabase/supabase-js@2.45.2": {
        "integrity": "4b4c2ca4dfb3684cb3d7916a5fb03a3eb4506189108907960e9658c9c4568c8b",
        "dependencies": [
          "npm:@supabase/auth-js@2.64.4",
          "npm:@supabase/functions-js@2.4.1",
          "npm:@supabase/node-fetch@2.6.15",
          "npm:@supabase/postgrest-js@1.15.8",
          "npm:@supabase/realtime-js@2.10.2",
          "npm:@supabase/storage-js@2.7.0"
        ]
      }
    },
    "npm": {
      "@supabase/auth-js@2.64.4": {
        "integrity": "sha512-9ITagy4WP4FLl+mke1rchapOH0RQpf++DI+WSG2sO1OFOZ0rW3cwAM0nCrMOxu+Zw4vJ4zObc08uvQrXx590Tg==",
        "dependencies": {
          "@supabase/node-fetch": "@supabase/node-fetch@2.6.15"
        }
      },
      "@supabase/functions-js@2.4.1": {
        "integrity": "sha512-8sZ2ibwHlf+WkHDUZJUXqqmPvWQ3UHN0W30behOJngVh/qHHekhJLCFbh0AjkE9/FqqXtf9eoVvmYgfCLk5tNA==",
        "dependencies": {
          "@supabase/node-fetch": "@supabase/node-fetch@2.6.15"
        }
      },
      "@supabase/node-fetch@2.6.15": {
        "integrity": "sha512-1ibVeYUacxWYi9i0cf5efil6adJ9WRyZBLivgjs+AUpewx1F3xPi7gLgaASI2SmIQxPoCEjAsLAzKPgMJVgOUQ==",
        "dependencies": {
          "whatwg-url": "whatwg-url@5.0.0"
        }
      },
      "@supabase/postgrest-js@1.15.8": {
        "integrity": "sha512-YunjXpoQjQ0a0/7vGAvGZA2dlMABXFdVI/8TuVKtlePxyT71sl6ERl6ay1fmIeZcqxiuFQuZw/LXUuStUG9bbg==",
        "dependencies": {
          "@supabase/node-fetch": "@supabase/node-fetch@2.6.15"
        }
      },
      "@supabase/realtime-js@2.10.2": {
        "integrity": "sha512-qyCQaNg90HmJstsvr2aJNxK2zgoKh9ZZA8oqb7UT2LCh3mj9zpa3Iwu167AuyNxsxrUE8eEJ2yH6wLCij4EApA==",
        "dependencies": {
          "@supabase/node-fetch": "@supabase/node-fetch@2.6.15",
          "@types/phoenix": "@types/phoenix@1.6.5",
          "@types/ws": "@types/ws@8.5.12",
          "ws": "ws@8.18.0"
        }
      },
      "@supabase/storage-js@2.7.0": {
        "integrity": "sha512-iZenEdO6Mx9iTR6T7wC7sk6KKsoDPLq8rdu5VRy7+JiT1i8fnqfcOr6mfF2Eaqky9VQzhP8zZKQYjzozB65Rig==",
        "dependencies": {
          "@supabase/node-fetch": "@supabase/node-fetch@2.6.15"
        }
      },
      "@types/node@18.16.19": {
        "integrity": "sha512-IXl7o+R9iti9eBW4Wg2hx1xQDig183jj7YLn8F7udNceyfkbn1ZxmzZXuak20gR40D7pIkIY1kYGx5VIGbaHKA==",
        "dependencies": {}
      },
      "@types/phoenix@1.6.5": {
        "integrity": "sha512-xegpDuR+z0UqG9fwHqNoy3rI7JDlvaPh2TY47Fl80oq6g+hXT+c/LEuE43X48clZ6lOfANl5WrPur9fYO1RJ/w==",
        "dependencies": {}
      },
      "@types/ws@8.5.12": {
        "integrity": "sha512-3tPRkv1EtkDpzlgyKyI8pGsGZAGPEaXeu0DOj5DI25Ja91bdAYddYHbADRYVrZMRbfW+1l5YwXVDKohDJNQxkQ==",
        "dependencies": {
          "@types/node": "@types/node@18.16.19"
        }
      },
      "tr46@0.0.3": {
        "integrity": "sha512-N3WMsuqV66lT30CrXNbEjx4GEwlow3v6rr4mCcv6prnfwhS01rkgyFdjPNBYd9br7LpXV1+Emh01fHnq2Gdgrw==",
        "dependencies": {}
      },
      "webidl-conversions@3.0.1": {
        "integrity": "sha512-2JAn3z8AR6rjK8Sm8orRC0h/bcl/DqL7tRPdGZ4I1CjdF+EaMLmYxBHyXuKL849eucPFhvBoxMsflfOb8kxaeQ==",
        "dependencies": {}
      },
      "whatwg-url@5.0.0": {
        "integrity": "sha512-saE57nupxk6v3HY35+jzBwYa0rKSy0XR8JSxZPwgLr7ys0IBzhGviA1/TUGJLmSVqs8pb9AnvICXEuOHLprYTw==",
        "dependencies": {
          "tr46": "tr46@0.0.3",
          "webidl-conversions": "webidl-conversions@3.0.1"
        }
      },
      "ws@8.18.0": {
        "integrity": "sha512-8VbfWfHLbbwu3+N6OKsOMpBdT4kXPDDB9cJk2bJ6mh9ucxdlnNvH1e+roYkKmN9Nxw2yjz7VzeO9oOz2zJ04Pw==",
        "dependencies": {}
      }
    }
  },
  "redirects": {
    "https://deno.land/x/supabase_deno/mod.ts": "https://deno.land/x/supabase_deno@v1.0.5/mod.ts"
  },
  "remote": {
    "https://deno.land/std@0.224.0/dotenv/mod.ts": "0180eaeedaaf88647318811cdaa418cc64dc51fb08354f91f5f480d0a1309f7d",
    "https://deno.land/std@0.224.0/dotenv/parse.ts": "09977ff88dfd1f24f9973a338f0f91bbdb9307eb5ff6085446e7c423e4c7ba0c",
    "https://deno.land/std@0.224.0/dotenv/stringify.ts": "275da322c409170160440836342eaa7cf012a1d11a7e700d8ca4e7f2f8aa4615",
    "https://deno.land/x/supabase_deno@v1.0.5/mod.ts": "90442da45de894b4b7c728130821535dee2e111650c73ab1293c5348c5259bd5",
    "https://deno.land/x/supabase_deno@v1.0.5/src/client.ts": "9f328735392f7306025304dc10641c286ffa4e96692fbf6742644d5a0b2e07f3",
    "https://deno.land/x/supabase_deno@v1.0.5/src/clienttables.ts": "177a35825ae8f69c89a58a9928e29682d3d8056a8245d1dcf87d6bcebd8e77be",
    "https://deno.land/x/supabase_deno@v1.0.5/src/table.ts": "e863d586896954026c6db2c8968623cc25d400ba2dd0aacf66b5573acece0d0a",
    "https://deno.land/x/supabase_deno@v1.0.5/src/tableItems.ts": "23050e65384c38994fd14bf04aa0e65aa5ad511524bbd026da583e04a448a307"
  }
}
